
Microsoft Visual Studio Solution File, Format Version 12.00
# Visual Studio 15
VisualStudioVersion = 15.0.28307.271
MinimumVisualStudioVersion = 10.0.40219.1
Project("{FAE04EC0-301F-11D3-BF4B-00C04F79EFBC}") = "WindowsFormsApp1", "WindowsFormsApp1\WindowsFormsApp1.csproj", "{429F96A6-474B-41EB-B665-7141176391AD}"
EndProject
Global
	GlobalSection(SolutionConfigurationPlatforms) = preSolution
		Debug|Any CPU = Debug|Any CPU
		Release|Any CPU = Release|Any CPU
	EndGlobalSection
	GlobalSection(ProjectConfigurationPlatforms) = postSolution
		{429F96A6-474B-41EB-B665-7141176391AD}.Debug|Any CPU.ActiveCfg = Debug|Any CPU
		{429F96A6-474B-41EB-B665-7141176391AD}.Debug|Any CPU.Build.0 = Debug|Any CPU
		{429F96A6-474B-41EB-B665-7141176391AD}.Release|Any CPU.ActiveCfg = Release|Any CPU
		{429F96A6-474B-41EB-B665-7141176391AD}.Release|Any CPU.Build.0 = Release|Any CPU
	EndGlobalSection
	GlobalSection(SolutionProperties) = preSolution
		HideSolutionNode = FALSE
	EndGlobalSection
	GlobalSection(ExtensibilityGlobals) = postSolution
		SolutionGuid = {FF53B6DD-F1F1-423E-8697-7BA77529D3FC}
	EndGlobalSection
EndGlobal
